{
  "pins" : [
    {
      "identity" : "ios-training",
      "kind" : "remoteSourceControl",
      "location" : "https://github.com/yumemi-inc/ios-training.git",
      "state" : {
        "branch" : "main",
        "revision" : "36dd8d066f1177b6724d6b3a268da88eef62f954"
      }
    }
  ],
  "version" : 2
}
