// !$*UTF8*$!
{
	archiveVersion = 1;
	classes = {
	};
	objectVersion = 56;
	objects = {

/* Begin PBXBuildFile section */
		C90194872B7F28F2003F9F0F /* SpyWeatherInfoRepository.swift in Sources */ = {isa = PBXBuildFile; fileRef = C90194862B7F28F2003F9F0F /* SpyWeatherInfoRepository.swift */; };
		C90194892B7F2E7B003F9F0F /* SpyWeatherViewController.swift in Sources */ = {isa = PBXBuildFile; fileRef = C90194882B7F2E7B003F9F0F /* SpyWeatherViewController.swift */; };
		C901948B2B7F3139003F9F0F /* WeatherPresenterTests.swift in Sources */ = {isa = PBXBuildFile; fileRef = C901948A2B7F3139003F9F0F /* WeatherPresenterTests.swift */; };
		C90194902B7F3E28003F9F0F /* YumemiWeatherAPIEncoder.swift in Sources */ = {isa = PBXBuildFile; fileRef = C901948F2B7F3E28003F9F0F /* YumemiWeatherAPIEncoder.swift */; };
		C90194922B7F3FCD003F9F0F /* YumemiWeatherAPIDecoder.swift in Sources */ = {isa = PBXBuildFile; fileRef = C90194912B7F3FCD003F9F0F /* YumemiWeatherAPIDecoder.swift */; };
		C90194942B7F522F003F9F0F /* YumemiWeatherAPIEncoderTests.swift in Sources */ = {isa = PBXBuildFile; fileRef = C90194932B7F522F003F9F0F /* YumemiWeatherAPIEncoderTests.swift */; };
		C90194962B7F5809003F9F0F /* YumemiWeatherAPIDecoderTests.swift in Sources */ = {isa = PBXBuildFile; fileRef = C90194952B7F5809003F9F0F /* YumemiWeatherAPIDecoderTests.swift */; };
		C96970592B7AFDDF00AC4675 /* AppDelegate.swift in Sources */ = {isa = PBXBuildFile; fileRef = C96970582B7AFDDF00AC4675 /* AppDelegate.swift */; };
		C969705B2B7AFDDF00AC4675 /* SceneDelegate.swift in Sources */ = {isa = PBXBuildFile; fileRef = C969705A2B7AFDDF00AC4675 /* SceneDelegate.swift */; };
		C969705D2B7AFDDF00AC4675 /* WeatherViewController.swift in Sources */ = {isa = PBXBuildFile; fileRef = C969705C2B7AFDDF00AC4675 /* WeatherViewController.swift */; };
		C96970622B7AFDE000AC4675 /* Assets.xcassets in Resources */ = {isa = PBXBuildFile; fileRef = C96970612B7AFDE000AC4675 /* Assets.xcassets */; };
		C96970652B7AFDE000AC4675 /* LaunchScreen.storyboard in Resources */ = {isa = PBXBuildFile; fileRef = C96970632B7AFDE000AC4675 /* LaunchScreen.storyboard */; };
		C969707A2B7AFDE000AC4675 /* ios_trainingUITests.swift in Sources */ = {isa = PBXBuildFile; fileRef = C96970792B7AFDE000AC4675 /* ios_trainingUITests.swift */; };
		C969707C2B7AFDE000AC4675 /* ios_trainingUITestsLaunchTests.swift in Sources */ = {isa = PBXBuildFile; fileRef = C969707B2B7AFDE000AC4675 /* ios_trainingUITestsLaunchTests.swift */; };
		C969708A2B7AFE4400AC4675 /* YumemiWeather in Frameworks */ = {isa = PBXBuildFile; productRef = C96970892B7AFE4400AC4675 /* YumemiWeather */; };
		C969708F2B7B284800AC4675 /* WeatherPresenter.swift in Sources */ = {isa = PBXBuildFile; fileRef = C969708E2B7B284800AC4675 /* WeatherPresenter.swift */; };
		C96970912B7B348500AC4675 /* WeatherInfoRepositoryProtocol.swift in Sources */ = {isa = PBXBuildFile; fileRef = C96970902B7B348500AC4675 /* WeatherInfoRepositoryProtocol.swift */; };
		C96970952B7B353F00AC4675 /* Weather.swift in Sources */ = {isa = PBXBuildFile; fileRef = C96970942B7B353F00AC4675 /* Weather.swift */; };
		C96D2A0D2B85B78C00746EF7 /* Area.swift in Sources */ = {isa = PBXBuildFile; fileRef = C96D2A0C2B85B78C00746EF7 /* Area.swift */; };
		C96D2A0F2B85BF6E00746EF7 /* AreaListView.swift in Sources */ = {isa = PBXBuildFile; fileRef = C96D2A0E2B85BF6E00746EF7 /* AreaListView.swift */; };
		C96D2A112B85C3A200746EF7 /* AreaListViewEventHandler.swift in Sources */ = {isa = PBXBuildFile; fileRef = C96D2A102B85C3A200746EF7 /* AreaListViewEventHandler.swift */; };
		C96D2A132B85C8AA00746EF7 /* AreaListPresenter.swift in Sources */ = {isa = PBXBuildFile; fileRef = C96D2A122B85C8AA00746EF7 /* AreaListPresenter.swift */; };
		C96D2A152B85C8B900746EF7 /* AreaListPresenterInput.swift in Sources */ = {isa = PBXBuildFile; fileRef = C96D2A142B85C8B900746EF7 /* AreaListPresenterInput.swift */; };
		C96D2A172B85C8C700746EF7 /* AreaListPresetnerOutput.swift in Sources */ = {isa = PBXBuildFile; fileRef = C96D2A162B85C8C700746EF7 /* AreaListPresetnerOutput.swift */; };
		C96D2A1A2B85D3CB00746EF7 /* AreaCell.swift in Sources */ = {isa = PBXBuildFile; fileRef = C96D2A192B85D3CB00746EF7 /* AreaCell.swift */; };
		C99C9C9C2B7B65760090D5D0 /* AlertMaker.swift in Sources */ = {isa = PBXBuildFile; fileRef = C99C9C9B2B7B65760090D5D0 /* AlertMaker.swift */; };
		C9AB86B52B7E08C500B24D6A /* AreaListViewController.swift in Sources */ = {isa = PBXBuildFile; fileRef = C9AB86B42B7E08C500B24D6A /* AreaListViewController.swift */; };
		C9AB86B72B7EFE8000B24D6A /* WeatherInfoRepository.swift in Sources */ = {isa = PBXBuildFile; fileRef = C9AB86B62B7EFE8000B24D6A /* WeatherInfoRepository.swift */; };
		C9AB86BC2B7F06A200B24D6A /* WeatherPresenterOutput.swift in Sources */ = {isa = PBXBuildFile; fileRef = C9AB86BB2B7F06A200B24D6A /* WeatherPresenterOutput.swift */; };
		C9BAAEF22B849D10001EB3AD /* WeatherView.swift in Sources */ = {isa = PBXBuildFile; fileRef = C9BAAEF12B849D10001EB3AD /* WeatherView.swift */; };
		C9BAAEF62B849E9E001EB3AD /* WeatherViewEventHandler.swift in Sources */ = {isa = PBXBuildFile; fileRef = C9BAAEF52B849E9E001EB3AD /* WeatherViewEventHandler.swift */; };
		C9BAAEF82B84A69A001EB3AD /* UIColor.swift in Sources */ = {isa = PBXBuildFile; fileRef = C9BAAEF72B84A69A001EB3AD /* UIColor.swift */; };
		C9C956BB2B7CB07900A1BC63 /* WeatherInfo.swift in Sources */ = {isa = PBXBuildFile; fileRef = C9C956BA2B7CB07900A1BC63 /* WeatherInfo.swift */; };
		C9D1AC962B7DF657001987A2 /* PreviewViewController.swift in Sources */ = {isa = PBXBuildFile; fileRef = C9D1AC952B7DF657001987A2 /* PreviewViewController.swift */; };
		C9D1AC992B7E005E001987A2 /* UIImage.swift in Sources */ = {isa = PBXBuildFile; fileRef = C9D1AC982B7E005E001987A2 /* UIImage.swift */; };
		C9F473B02B7C834000FFD217 /* WeatherPresenterInput.swift in Sources */ = {isa = PBXBuildFile; fileRef = C9F473AF2B7C834000FFD217 /* WeatherPresenterInput.swift */; };
/* End PBXBuildFile section */

/* Begin PBXContainerItemProxy section */
		C969706C2B7AFDE000AC4675 /* PBXContainerItemProxy */ = {
			isa = PBXContainerItemProxy;
			containerPortal = C969704D2B7AFDDF00AC4675 /* Project object */;
			proxyType = 1;
			remoteGlobalIDString = C96970542B7AFDDF00AC4675;
			remoteInfo = "ios-training";
		};
		C96970762B7AFDE000AC4675 /* PBXContainerItemProxy */ = {
			isa = PBXContainerItemProxy;
			containerPortal = C969704D2B7AFDDF00AC4675 /* Project object */;
			proxyType = 1;
			remoteGlobalIDString = C96970542B7AFDDF00AC4675;
			remoteInfo = "ios-training";
		};
/* End PBXContainerItemProxy section */

/* Begin PBXFileReference section */
		C90194862B7F28F2003F9F0F /* SpyWeatherInfoRepository.swift */ = {isa = PBXFileReference; lastKnownFileType = sourcecode.swift; path = SpyWeatherInfoRepository.swift; sourceTree = "<group>"; };
		C90194882B7F2E7B003F9F0F /* SpyWeatherViewController.swift */ = {isa = PBXFileReference; lastKnownFileType = sourcecode.swift; path = SpyWeatherViewController.swift; sourceTree = "<group>"; };
		C901948A2B7F3139003F9F0F /* WeatherPresenterTests.swift */ = {isa = PBXFileReference; lastKnownFileType = sourcecode.swift; path = WeatherPresenterTests.swift; sourceTree = "<group>"; };
		C901948F2B7F3E28003F9F0F /* YumemiWeatherAPIEncoder.swift */ = {isa = PBXFileReference; lastKnownFileType = sourcecode.swift; path = YumemiWeatherAPIEncoder.swift; sourceTree = "<group>"; };
		C90194912B7F3FCD003F9F0F /* YumemiWeatherAPIDecoder.swift */ = {isa = PBXFileReference; lastKnownFileType = sourcecode.swift; path = YumemiWeatherAPIDecoder.swift; sourceTree = "<group>"; };
		C90194932B7F522F003F9F0F /* YumemiWeatherAPIEncoderTests.swift */ = {isa = PBXFileReference; lastKnownFileType = sourcecode.swift; path = YumemiWeatherAPIEncoderTests.swift; sourceTree = "<group>"; };
		C90194952B7F5809003F9F0F /* YumemiWeatherAPIDecoderTests.swift */ = {isa = PBXFileReference; lastKnownFileType = sourcecode.swift; path = YumemiWeatherAPIDecoderTests.swift; sourceTree = "<group>"; };
		C96970552B7AFDDF00AC4675 /* ios-training.app */ = {isa = PBXFileReference; explicitFileType = wrapper.application; includeInIndex = 0; path = "ios-training.app"; sourceTree = BUILT_PRODUCTS_DIR; };
		C96970582B7AFDDF00AC4675 /* AppDelegate.swift */ = {isa = PBXFileReference; lastKnownFileType = sourcecode.swift; path = AppDelegate.swift; sourceTree = "<group>"; };
		C969705A2B7AFDDF00AC4675 /* SceneDelegate.swift */ = {isa = PBXFileReference; lastKnownFileType = sourcecode.swift; path = SceneDelegate.swift; sourceTree = "<group>"; };
		C969705C2B7AFDDF00AC4675 /* WeatherViewController.swift */ = {isa = PBXFileReference; lastKnownFileType = sourcecode.swift; path = WeatherViewController.swift; sourceTree = "<group>"; };
		C96970612B7AFDE000AC4675 /* Assets.xcassets */ = {isa = PBXFileReference; lastKnownFileType = folder.assetcatalog; path = Assets.xcassets; sourceTree = "<group>"; };
		C96970642B7AFDE000AC4675 /* Base */ = {isa = PBXFileReference; lastKnownFileType = file.storyboard; name = Base; path = Base.lproj/LaunchScreen.storyboard; sourceTree = "<group>"; };
		C96970662B7AFDE000AC4675 /* Info.plist */ = {isa = PBXFileReference; lastKnownFileType = text.plist.xml; path = Info.plist; sourceTree = "<group>"; };
		C969706B2B7AFDE000AC4675 /* ios-trainingTests.xctest */ = {isa = PBXFileReference; explicitFileType = wrapper.cfbundle; includeInIndex = 0; path = "ios-trainingTests.xctest"; sourceTree = BUILT_PRODUCTS_DIR; };
		C96970752B7AFDE000AC4675 /* ios-trainingUITests.xctest */ = {isa = PBXFileReference; explicitFileType = wrapper.cfbundle; includeInIndex = 0; path = "ios-trainingUITests.xctest"; sourceTree = BUILT_PRODUCTS_DIR; };
		C96970792B7AFDE000AC4675 /* ios_trainingUITests.swift */ = {isa = PBXFileReference; lastKnownFileType = sourcecode.swift; path = ios_trainingUITests.swift; sourceTree = "<group>"; };
		C969707B2B7AFDE000AC4675 /* ios_trainingUITestsLaunchTests.swift */ = {isa = PBXFileReference; lastKnownFileType = sourcecode.swift; path = ios_trainingUITestsLaunchTests.swift; sourceTree = "<group>"; };
		C969708E2B7B284800AC4675 /* WeatherPresenter.swift */ = {isa = PBXFileReference; lastKnownFileType = sourcecode.swift; path = WeatherPresenter.swift; sourceTree = "<group>"; };
		C96970902B7B348500AC4675 /* WeatherInfoRepositoryProtocol.swift */ = {isa = PBXFileReference; lastKnownFileType = sourcecode.swift; path = WeatherInfoRepositoryProtocol.swift; sourceTree = "<group>"; };
		C96970942B7B353F00AC4675 /* Weather.swift */ = {isa = PBXFileReference; lastKnownFileType = sourcecode.swift; path = Weather.swift; sourceTree = "<group>"; };
		C96D2A0C2B85B78C00746EF7 /* Area.swift */ = {isa = PBXFileReference; lastKnownFileType = sourcecode.swift; path = Area.swift; sourceTree = "<group>"; };
		C96D2A0E2B85BF6E00746EF7 /* AreaListView.swift */ = {isa = PBXFileReference; lastKnownFileType = sourcecode.swift; path = AreaListView.swift; sourceTree = "<group>"; };
		C96D2A102B85C3A200746EF7 /* AreaListViewEventHandler.swift */ = {isa = PBXFileReference; lastKnownFileType = sourcecode.swift; path = AreaListViewEventHandler.swift; sourceTree = "<group>"; };
		C96D2A122B85C8AA00746EF7 /* AreaListPresenter.swift */ = {isa = PBXFileReference; lastKnownFileType = sourcecode.swift; path = AreaListPresenter.swift; sourceTree = "<group>"; };
		C96D2A142B85C8B900746EF7 /* AreaListPresenterInput.swift */ = {isa = PBXFileReference; lastKnownFileType = sourcecode.swift; path = AreaListPresenterInput.swift; sourceTree = "<group>"; };
		C96D2A162B85C8C700746EF7 /* AreaListPresetnerOutput.swift */ = {isa = PBXFileReference; lastKnownFileType = sourcecode.swift; path = AreaListPresetnerOutput.swift; sourceTree = "<group>"; };
		C96D2A192B85D3CB00746EF7 /* AreaCell.swift */ = {isa = PBXFileReference; lastKnownFileType = sourcecode.swift; path = AreaCell.swift; sourceTree = "<group>"; };
		C99C9C9B2B7B65760090D5D0 /* AlertMaker.swift */ = {isa = PBXFileReference; lastKnownFileType = sourcecode.swift; path = AlertMaker.swift; sourceTree = "<group>"; };
		C9AB86B42B7E08C500B24D6A /* AreaListViewController.swift */ = {isa = PBXFileReference; lastKnownFileType = sourcecode.swift; path = AreaListViewController.swift; sourceTree = "<group>"; };
		C9AB86B62B7EFE8000B24D6A /* WeatherInfoRepository.swift */ = {isa = PBXFileReference; lastKnownFileType = sourcecode.swift; path = WeatherInfoRepository.swift; sourceTree = "<group>"; };
		C9AB86BB2B7F06A200B24D6A /* WeatherPresenterOutput.swift */ = {isa = PBXFileReference; lastKnownFileType = sourcecode.swift; path = WeatherPresenterOutput.swift; sourceTree = "<group>"; };
		C9BAAEF12B849D10001EB3AD /* WeatherView.swift */ = {isa = PBXFileReference; lastKnownFileType = sourcecode.swift; path = WeatherView.swift; sourceTree = "<group>"; };
		C9BAAEF52B849E9E001EB3AD /* WeatherViewEventHandler.swift */ = {isa = PBXFileReference; lastKnownFileType = sourcecode.swift; path = WeatherViewEventHandler.swift; sourceTree = "<group>"; };
		C9BAAEF72B84A69A001EB3AD /* UIColor.swift */ = {isa = PBXFileReference; lastKnownFileType = sourcecode.swift; path = UIColor.swift; sourceTree = "<group>"; };
		C9C956BA2B7CB07900A1BC63 /* WeatherInfo.swift */ = {isa = PBXFileReference; lastKnownFileType = sourcecode.swift; path = WeatherInfo.swift; sourceTree = "<group>"; };
		C9D1AC952B7DF657001987A2 /* PreviewViewController.swift */ = {isa = PBXFileReference; lastKnownFileType = sourcecode.swift; path = PreviewViewController.swift; sourceTree = "<group>"; };
		C9D1AC982B7E005E001987A2 /* UIImage.swift */ = {isa = PBXFileReference; lastKnownFileType = sourcecode.swift; path = UIImage.swift; sourceTree = "<group>"; };
		C9F473AF2B7C834000FFD217 /* WeatherPresenterInput.swift */ = {isa = PBXFileReference; lastKnownFileType = sourcecode.swift; path = WeatherPresenterInput.swift; sourceTree = "<group>"; };
/* End PBXFileReference section */

/* Begin PBXFrameworksBuildPhase section */
		C96970522B7AFDDF00AC4675 /* Frameworks */ = {
			isa = PBXFrameworksBuildPhase;
			buildActionMask = 2147483647;
			files = (
				C969708A2B7AFE4400AC4675 /* YumemiWeather in Frameworks */,
			);
			runOnlyForDeploymentPostprocessing = 0;
		};
		C96970682B7AFDE000AC4675 /* Frameworks */ = {
			isa = PBXFrameworksBuildPhase;
			buildActionMask = 2147483647;
			files = (
			);
			runOnlyForDeploymentPostprocessing = 0;
		};
		C96970722B7AFDE000AC4675 /* Frameworks */ = {
			isa = PBXFrameworksBuildPhase;
			buildActionMask = 2147483647;
			files = (
			);
			runOnlyForDeploymentPostprocessing = 0;
		};
/* End PBXFrameworksBuildPhase section */

/* Begin PBXGroup section */
		C90194852B7F28D2003F9F0F /* TestDouble */ = {
			isa = PBXGroup;
			children = (
				C90194862B7F28F2003F9F0F /* SpyWeatherInfoRepository.swift */,
				C90194882B7F2E7B003F9F0F /* SpyWeatherViewController.swift */,
			);
			path = TestDouble;
			sourceTree = "<group>";
		};
		C969704C2B7AFDDF00AC4675 = {
			isa = PBXGroup;
			children = (
				C96970572B7AFDDF00AC4675 /* ios-training */,
				C969706E2B7AFDE000AC4675 /* ios-trainingTests */,
				C96970782B7AFDE000AC4675 /* ios-trainingUITests */,
				C96970562B7AFDDF00AC4675 /* Products */,
			);
			sourceTree = "<group>";
		};
		C96970562B7AFDDF00AC4675 /* Products */ = {
			isa = PBXGroup;
			children = (
				C96970552B7AFDDF00AC4675 /* ios-training.app */,
				C969706B2B7AFDE000AC4675 /* ios-trainingTests.xctest */,
				C96970752B7AFDE000AC4675 /* ios-trainingUITests.xctest */,
			);
			name = Products;
			sourceTree = "<group>";
		};
		C96970572B7AFDDF00AC4675 /* ios-training */ = {
			isa = PBXGroup;
			children = (
				C96970972B7B36EE00AC4675 /* Entity */,
				C96970962B7B36D100AC4675 /* Repotitory */,
				C96D2A182B85D37200746EF7 /* View */,
				C9AB86B12B7E087C00B24D6A /* HomeView */,
				C969709A2B7B3F2700AC4675 /* WeatherView */,
				C99C9C9A2B7B65690090D5D0 /* Util */,
				C9D1AC972B7E004C001987A2 /* Extension */,
				C96970582B7AFDDF00AC4675 /* AppDelegate.swift */,
				C969705A2B7AFDDF00AC4675 /* SceneDelegate.swift */,
				C96970612B7AFDE000AC4675 /* Assets.xcassets */,
				C96970632B7AFDE000AC4675 /* LaunchScreen.storyboard */,
				C96970662B7AFDE000AC4675 /* Info.plist */,
			);
			path = "ios-training";
			sourceTree = "<group>";
		};
		C969706E2B7AFDE000AC4675 /* ios-trainingTests */ = {
			isa = PBXGroup;
			children = (
				C90194852B7F28D2003F9F0F /* TestDouble */,
				C901948A2B7F3139003F9F0F /* WeatherPresenterTests.swift */,
				C90194932B7F522F003F9F0F /* YumemiWeatherAPIEncoderTests.swift */,
				C90194952B7F5809003F9F0F /* YumemiWeatherAPIDecoderTests.swift */,
			);
			path = "ios-trainingTests";
			sourceTree = "<group>";
		};
		C96970782B7AFDE000AC4675 /* ios-trainingUITests */ = {
			isa = PBXGroup;
			children = (
				C96970792B7AFDE000AC4675 /* ios_trainingUITests.swift */,
				C969707B2B7AFDE000AC4675 /* ios_trainingUITestsLaunchTests.swift */,
			);
			path = "ios-trainingUITests";
			sourceTree = "<group>";
		};
		C96970962B7B36D100AC4675 /* Repotitory */ = {
			isa = PBXGroup;
			children = (
				C96970902B7B348500AC4675 /* WeatherInfoRepositoryProtocol.swift */,
				C9AB86B62B7EFE8000B24D6A /* WeatherInfoRepository.swift */,
				C901948F2B7F3E28003F9F0F /* YumemiWeatherAPIEncoder.swift */,
				C90194912B7F3FCD003F9F0F /* YumemiWeatherAPIDecoder.swift */,
			);
			path = Repotitory;
			sourceTree = "<group>";
		};
		C96970972B7B36EE00AC4675 /* Entity */ = {
			isa = PBXGroup;
			children = (
				C96D2A0C2B85B78C00746EF7 /* Area.swift */,
				C96970942B7B353F00AC4675 /* Weather.swift */,
				C9C956BA2B7CB07900A1BC63 /* WeatherInfo.swift */,
			);
			path = Entity;
			sourceTree = "<group>";
		};
		C969709A2B7B3F2700AC4675 /* WeatherView */ = {
			isa = PBXGroup;
			children = (
				C969705C2B7AFDDF00AC4675 /* WeatherViewController.swift */,
				C9BAAEF12B849D10001EB3AD /* WeatherView.swift */,
				C9BAAEF52B849E9E001EB3AD /* WeatherViewEventHandler.swift */,
				C9F473AF2B7C834000FFD217 /* WeatherPresenterInput.swift */,
				C969708E2B7B284800AC4675 /* WeatherPresenter.swift */,
				C9AB86BB2B7F06A200B24D6A /* WeatherPresenterOutput.swift */,
			);
			path = WeatherView;
			sourceTree = "<group>";
		};
		C96D2A182B85D37200746EF7 /* View */ = {
			isa = PBXGroup;
			children = (
				C96D2A192B85D3CB00746EF7 /* AreaCell.swift */,
			);
			path = View;
			sourceTree = "<group>";
		};
		C99C9C9A2B7B65690090D5D0 /* Util */ = {
			isa = PBXGroup;
			children = (
				C9D1AC952B7DF657001987A2 /* PreviewViewController.swift */,
				C99C9C9B2B7B65760090D5D0 /* AlertMaker.swift */,
			);
			path = Util;
			sourceTree = "<group>";
		};
		C9AB86B12B7E087C00B24D6A /* HomeView */ = {
			isa = PBXGroup;
			children = (
				C9AB86B42B7E08C500B24D6A /* AreaListViewController.swift */,
				C96D2A0E2B85BF6E00746EF7 /* AreaListView.swift */,
				C96D2A102B85C3A200746EF7 /* AreaListViewEventHandler.swift */,
				C96D2A142B85C8B900746EF7 /* AreaListPresenterInput.swift */,
				C96D2A122B85C8AA00746EF7 /* AreaListPresenter.swift */,
				C96D2A162B85C8C700746EF7 /* AreaListPresetnerOutput.swift */,
			);
			path = HomeView;
			sourceTree = "<group>";
		};
		C9D1AC972B7E004C001987A2 /* Extension */ = {
			isa = PBXGroup;
			children = (
				C9D1AC982B7E005E001987A2 /* UIImage.swift */,
				C9BAAEF72B84A69A001EB3AD /* UIColor.swift */,
			);
			path = Extension;
			sourceTree = "<group>";
		};
/* End PBXGroup section */

/* Begin PBXNativeTarget section */
		C96970542B7AFDDF00AC4675 /* ios-training */ = {
			isa = PBXNativeTarget;
			buildConfigurationList = C969707F2B7AFDE000AC4675 /* Build configuration list for PBXNativeTarget "ios-training" */;
			buildPhases = (
				C96970512B7AFDDF00AC4675 /* Sources */,
				C96970522B7AFDDF00AC4675 /* Frameworks */,
				C96970532B7AFDDF00AC4675 /* Resources */,
			);
			buildRules = (
			);
			dependencies = (
				C969708D2B7B247100AC4675 /* PBXTargetDependency */,
			);
			name = "ios-training";
			packageProductDependencies = (
				C96970892B7AFE4400AC4675 /* YumemiWeather */,
			);
			productName = "ios-training";
			productReference = C96970552B7AFDDF00AC4675 /* ios-training.app */;
			productType = "com.apple.product-type.application";
		};
		C969706A2B7AFDE000AC4675 /* ios-trainingTests */ = {
			isa = PBXNativeTarget;
			buildConfigurationList = C96970822B7AFDE000AC4675 /* Build configuration list for PBXNativeTarget "ios-trainingTests" */;
			buildPhases = (
				C96970672B7AFDE000AC4675 /* Sources */,
				C96970682B7AFDE000AC4675 /* Frameworks */,
				C96970692B7AFDE000AC4675 /* Resources */,
			);
			buildRules = (
			);
			dependencies = (
				C969706D2B7AFDE000AC4675 /* PBXTargetDependency */,
			);
			name = "ios-trainingTests";
			productName = "ios-trainingTests";
			productReference = C969706B2B7AFDE000AC4675 /* ios-trainingTests.xctest */;
			productType = "com.apple.product-type.bundle.unit-test";
		};
		C96970742B7AFDE000AC4675 /* ios-trainingUITests */ = {
			isa = PBXNativeTarget;
			buildConfigurationList = C96970852B7AFDE000AC4675 /* Build configuration list for PBXNativeTarget "ios-trainingUITests" */;
			buildPhases = (
				C96970712B7AFDE000AC4675 /* Sources */,
				C96970722B7AFDE000AC4675 /* Frameworks */,
				C96970732B7AFDE000AC4675 /* Resources */,
			);
			buildRules = (
			);
			dependencies = (
				C96970772B7AFDE000AC4675 /* PBXTargetDependency */,
			);
			name = "ios-trainingUITests";
			productName = "ios-trainingUITests";
			productReference = C96970752B7AFDE000AC4675 /* ios-trainingUITests.xctest */;
			productType = "com.apple.product-type.bundle.ui-testing";
		};
/* End PBXNativeTarget section */

/* Begin PBXProject section */
		C969704D2B7AFDDF00AC4675 /* Project object */ = {
			isa = PBXProject;
			attributes = {
				BuildIndependentTargetsInParallel = 1;
				LastSwiftUpdateCheck = 1520;
				LastUpgradeCheck = 1520;
				TargetAttributes = {
					C96970542B7AFDDF00AC4675 = {
						CreatedOnToolsVersion = 15.2;
					};
					C969706A2B7AFDE000AC4675 = {
						CreatedOnToolsVersion = 15.2;
						TestTargetID = C96970542B7AFDDF00AC4675;
					};
					C96970742B7AFDE000AC4675 = {
						CreatedOnToolsVersion = 15.2;
						TestTargetID = C96970542B7AFDDF00AC4675;
					};
				};
			};
			buildConfigurationList = C96970502B7AFDDF00AC4675 /* Build configuration list for PBXProject "ios-training" */;
			compatibilityVersion = "Xcode 14.0";
			developmentRegion = en;
			hasScannedForEncodings = 0;
			knownRegions = (
				en,
				Base,
			);
			mainGroup = C969704C2B7AFDDF00AC4675;
			packageReferences = (
				C96970882B7AFE4400AC4675 /* XCRemoteSwiftPackageReference "ios-training" */,
				C969708B2B7B240600AC4675 /* XCRemoteSwiftPackageReference "SwiftLint" */,
			);
			productRefGroup = C96970562B7AFDDF00AC4675 /* Products */;
			projectDirPath = "";
			projectRoot = "";
			targets = (
				C96970542B7AFDDF00AC4675 /* ios-training */,
				C969706A2B7AFDE000AC4675 /* ios-trainingTests */,
				C96970742B7AFDE000AC4675 /* ios-trainingUITests */,
			);
		};
/* End PBXProject section */

/* Begin PBXResourcesBuildPhase section */
		C96970532B7AFDDF00AC4675 /* Resources */ = {
			isa = PBXResourcesBuildPhase;
			buildActionMask = 2147483647;
			files = (
				C96970652B7AFDE000AC4675 /* LaunchScreen.storyboard in Resources */,
				C96970622B7AFDE000AC4675 /* Assets.xcassets in Resources */,
			);
			runOnlyForDeploymentPostprocessing = 0;
		};
		C96970692B7AFDE000AC4675 /* Resources */ = {
			isa = PBXResourcesBuildPhase;
			buildActionMask = 2147483647;
			files = (
			);
			runOnlyForDeploymentPostprocessing = 0;
		};
		C96970732B7AFDE000AC4675 /* Resources */ = {
			isa = PBXResourcesBuildPhase;
			buildActionMask = 2147483647;
			files = (
			);
			runOnlyForDeploymentPostprocessing = 0;
		};
/* End PBXResourcesBuildPhase section */

/* Begin PBXSourcesBuildPhase section */
		C96970512B7AFDDF00AC4675 /* Sources */ = {
			isa = PBXSourcesBuildPhase;
			buildActionMask = 2147483647;
			files = (
				C9AB86BC2B7F06A200B24D6A /* WeatherPresenterOutput.swift in Sources */,
				C969705D2B7AFDDF00AC4675 /* WeatherViewController.swift in Sources */,
				C9D1AC992B7E005E001987A2 /* UIImage.swift in Sources */,
				C9BAAEF62B849E9E001EB3AD /* WeatherViewEventHandler.swift in Sources */,
				C969708F2B7B284800AC4675 /* WeatherPresenter.swift in Sources */,
				C96D2A0F2B85BF6E00746EF7 /* AreaListView.swift in Sources */,
				C96D2A132B85C8AA00746EF7 /* AreaListPresenter.swift in Sources */,
				C96970912B7B348500AC4675 /* WeatherInfoRepositoryProtocol.swift in Sources */,
				C96D2A112B85C3A200746EF7 /* AreaListViewEventHandler.swift in Sources */,
				C96D2A172B85C8C700746EF7 /* AreaListPresetnerOutput.swift in Sources */,
				C96D2A1A2B85D3CB00746EF7 /* AreaCell.swift in Sources */,
				C9BAAEF22B849D10001EB3AD /* WeatherView.swift in Sources */,
				C9AB86B72B7EFE8000B24D6A /* WeatherInfoRepository.swift in Sources */,
				C9BAAEF82B84A69A001EB3AD /* UIColor.swift in Sources */,
				C96D2A152B85C8B900746EF7 /* AreaListPresenterInput.swift in Sources */,
				C9D1AC962B7DF657001987A2 /* PreviewViewController.swift in Sources */,
				C96D2A0D2B85B78C00746EF7 /* Area.swift in Sources */,
				C9F473B02B7C834000FFD217 /* WeatherPresenterInput.swift in Sources */,
				C90194922B7F3FCD003F9F0F /* YumemiWeatherAPIDecoder.swift in Sources */,
				C90194902B7F3E28003F9F0F /* YumemiWeatherAPIEncoder.swift in Sources */,
				C99C9C9C2B7B65760090D5D0 /* AlertMaker.swift in Sources */,
				C9AB86B52B7E08C500B24D6A /* AreaListViewController.swift in Sources */,
				C96970592B7AFDDF00AC4675 /* AppDelegate.swift in Sources */,
				C9C956BB2B7CB07900A1BC63 /* WeatherInfo.swift in Sources */,
				C96970952B7B353F00AC4675 /* Weather.swift in Sources */,
				C969705B2B7AFDDF00AC4675 /* SceneDelegate.swift in Sources */,
			);
			runOnlyForDeploymentPostprocessing = 0;
		};
		C96970672B7AFDE000AC4675 /* Sources */ = {
			isa = PBXSourcesBuildPhase;
			buildActionMask = 2147483647;
			files = (
				C90194942B7F522F003F9F0F /* YumemiWeatherAPIEncoderTests.swift in Sources */,
				C90194962B7F5809003F9F0F /* YumemiWeatherAPIDecoderTests.swift in Sources */,
				C901948B2B7F3139003F9F0F /* WeatherPresenterTests.swift in Sources */,
				C90194872B7F28F2003F9F0F /* SpyWeatherInfoRepository.swift in Sources */,
				C90194892B7F2E7B003F9F0F /* SpyWeatherViewController.swift in Sources */,
			);
			runOnlyForDeploymentPostprocessing = 0;
		};
		C96970712B7AFDE000AC4675 /* Sources */ = {
			isa = PBXSourcesBuildPhase;
			buildActionMask = 2147483647;
			files = (
				C969707C2B7AFDE000AC4675 /* ios_trainingUITestsLaunchTests.swift in Sources */,
				C969707A2B7AFDE000AC4675 /* ios_trainingUITests.swift in Sources */,
			);
			runOnlyForDeploymentPostprocessing = 0;
		};
/* End PBXSourcesBuildPhase section */

/* Begin PBXTargetDependency section */
		C969706D2B7AFDE000AC4675 /* PBXTargetDependency */ = {
			isa = PBXTargetDependency;
			target = C96970542B7AFDDF00AC4675 /* ios-training */;
			targetProxy = C969706C2B7AFDE000AC4675 /* PBXContainerItemProxy */;
		};
		C96970772B7AFDE000AC4675 /* PBXTargetDependency */ = {
			isa = PBXTargetDependency;
			target = C96970542B7AFDDF00AC4675 /* ios-training */;
			targetProxy = C96970762B7AFDE000AC4675 /* PBXContainerItemProxy */;
		};
		C969708D2B7B247100AC4675 /* PBXTargetDependency */ = {
			isa = PBXTargetDependency;
			productRef = C969708C2B7B247100AC4675 /* SwiftLintPlugin */;
		};
/* End PBXTargetDependency section */

/* Begin PBXVariantGroup section */
		C96970632B7AFDE000AC4675 /* LaunchScreen.storyboard */ = {
			isa = PBXVariantGroup;
			children = (
				C96970642B7AFDE000AC4675 /* Base */,
			);
			name = LaunchScreen.storyboard;
			sourceTree = "<group>";
		};
/* End PBXVariantGroup section */

/* Begin XCBuildConfiguration section */
		C969707D2B7AFDE000AC4675 /* Debug */ = {
			isa = XCBuildConfiguration;
			buildSettings = {
				ALWAYS_SEARCH_USER_PATHS = NO;
				ASSETCATALOG_COMPILER_GENERATE_SWIFT_ASSET_SYMBOL_EXTENSIONS = YES;
				CLANG_ANALYZER_NONNULL = YES;
				CLANG_ANALYZER_NUMBER_OBJECT_CONVERSION = YES_AGGRESSIVE;
				CLANG_CXX_LANGUAGE_STANDARD = "gnu++20";
				CLANG_ENABLE_MODULES = YES;
				CLANG_ENABLE_OBJC_ARC = YES;
				CLANG_ENABLE_OBJC_WEAK = YES;
				CLANG_WARN_BLOCK_CAPTURE_AUTORELEASING = YES;
				CLANG_WARN_BOOL_CONVERSION = YES;
				CLANG_WARN_COMMA = YES;
				CLANG_WARN_CONSTANT_CONVERSION = YES;
				CLANG_WARN_DEPRECATED_OBJC_IMPLEMENTATIONS = YES;
				CLANG_WARN_DIRECT_OBJC_ISA_USAGE = YES_ERROR;
				CLANG_WARN_DOCUMENTATION_COMMENTS = YES;
				CLANG_WARN_EMPTY_BODY = YES;
				CLANG_WARN_ENUM_CONVERSION = YES;
				CLANG_WARN_INFINITE_RECURSION = YES;
				CLANG_WARN_INT_CONVERSION = YES;
				CLANG_WARN_NON_LITERAL_NULL_CONVERSION = YES;
				CLANG_WARN_OBJC_IMPLICIT_RETAIN_SELF = YES;
				CLANG_WARN_OBJC_LITERAL_CONVERSION = YES;
				CLANG_WARN_OBJC_ROOT_CLASS = YES_ERROR;
				CLANG_WARN_QUOTED_INCLUDE_IN_FRAMEWORK_HEADER = YES;
				CLANG_WARN_RANGE_LOOP_ANALYSIS = YES;
				CLANG_WARN_STRICT_PROTOTYPES = YES;
				CLANG_WARN_SUSPICIOUS_MOVE = YES;
				CLANG_WARN_UNGUARDED_AVAILABILITY = YES_AGGRESSIVE;
				CLANG_WARN_UNREACHABLE_CODE = YES;
				CLANG_WARN__DUPLICATE_METHOD_MATCH = YES;
				COPY_PHASE_STRIP = NO;
				DEBUG_INFORMATION_FORMAT = dwarf;
				ENABLE_STRICT_OBJC_MSGSEND = YES;
				ENABLE_TESTABILITY = YES;
				ENABLE_USER_SCRIPT_SANDBOXING = YES;
				GCC_C_LANGUAGE_STANDARD = gnu17;
				GCC_DYNAMIC_NO_PIC = NO;
				GCC_NO_COMMON_BLOCKS = YES;
				GCC_OPTIMIZATION_LEVEL = 0;
				GCC_PREPROCESSOR_DEFINITIONS = (
					"DEBUG=1",
					"$(inherited)",
				);
				GCC_WARN_64_TO_32_BIT_CONVERSION = YES;
				GCC_WARN_ABOUT_RETURN_TYPE = YES_ERROR;
				GCC_WARN_UNDECLARED_SELECTOR = YES;
				GCC_WARN_UNINITIALIZED_AUTOS = YES_AGGRESSIVE;
				GCC_WARN_UNUSED_FUNCTION = YES;
				GCC_WARN_UNUSED_VARIABLE = YES;
				IPHONEOS_DEPLOYMENT_TARGET = 17.2;
				LOCALIZATION_PREFERS_STRING_CATALOGS = YES;
				MTL_ENABLE_DEBUG_INFO = INCLUDE_SOURCE;
				MTL_FAST_MATH = YES;
				ONLY_ACTIVE_ARCH = YES;
				SDKROOT = iphoneos;
				SWIFT_ACTIVE_COMPILATION_CONDITIONS = "DEBUG $(inherited)";
				SWIFT_OPTIMIZATION_LEVEL = "-Onone";
			};
			name = Debug;
		};
		C969707E2B7AFDE000AC4675 /* Release */ = {
			isa = XCBuildConfiguration;
			buildSettings = {
				ALWAYS_SEARCH_USER_PATHS = NO;
				ASSETCATALOG_COMPILER_GENERATE_SWIFT_ASSET_SYMBOL_EXTENSIONS = YES;
				CLANG_ANALYZER_NONNULL = YES;
				CLANG_ANALYZER_NUMBER_OBJECT_CONVERSION = YES_AGGRESSIVE;
				CLANG_CXX_LANGUAGE_STANDARD = "gnu++20";
				CLANG_ENABLE_MODULES = YES;
				CLANG_ENABLE_OBJC_ARC = YES;
				CLANG_ENABLE_OBJC_WEAK = YES;
				CLANG_WARN_BLOCK_CAPTURE_AUTORELEASING = YES;
				CLANG_WARN_BOOL_CONVERSION = YES;
				CLANG_WARN_COMMA = YES;
				CLANG_WARN_CONSTANT_CONVERSION = YES;
				CLANG_WARN_DEPRECATED_OBJC_IMPLEMENTATIONS = YES;
				CLANG_WARN_DIRECT_OBJC_ISA_USAGE = YES_ERROR;
				CLANG_WARN_DOCUMENTATION_COMMENTS = YES;
				CLANG_WARN_EMPTY_BODY = YES;
				CLANG_WARN_ENUM_CONVERSION = YES;
				CLANG_WARN_INFINITE_RECURSION = YES;
				CLANG_WARN_INT_CONVERSION = YES;
				CLANG_WARN_NON_LITERAL_NULL_CONVERSION = YES;
				CLANG_WARN_OBJC_IMPLICIT_RETAIN_SELF = YES;
				CLANG_WARN_OBJC_LITERAL_CONVERSION = YES;
				CLANG_WARN_OBJC_ROOT_CLASS = YES_ERROR;
				CLANG_WARN_QUOTED_INCLUDE_IN_FRAMEWORK_HEADER = YES;
				CLANG_WARN_RANGE_LOOP_ANALYSIS = YES;
				CLANG_WARN_STRICT_PROTOTYPES = YES;
				CLANG_WARN_SUSPICIOUS_MOVE = YES;
				CLANG_WARN_UNGUARDED_AVAILABILITY = YES_AGGRESSIVE;
				CLANG_WARN_UNREACHABLE_CODE = YES;
				CLANG_WARN__DUPLICATE_METHOD_MATCH = YES;
				COPY_PHASE_STRIP = NO;
				DEBUG_INFORMATION_FORMAT = "dwarf-with-dsym";
				ENABLE_NS_ASSERTIONS = NO;
				ENABLE_STRICT_OBJC_MSGSEND = YES;
				ENABLE_USER_SCRIPT_SANDBOXING = YES;
				GCC_C_LANGUAGE_STANDARD = gnu17;
				GCC_NO_COMMON_BLOCKS = YES;
				GCC_WARN_64_TO_32_BIT_CONVERSION = YES;
				GCC_WARN_ABOUT_RETURN_TYPE = YES_ERROR;
				GCC_WARN_UNDECLARED_SELECTOR = YES;
				GCC_WARN_UNINITIALIZED_AUTOS = YES_AGGRESSIVE;
				GCC_WARN_UNUSED_FUNCTION = YES;
				GCC_WARN_UNUSED_VARIABLE = YES;
				IPHONEOS_DEPLOYMENT_TARGET = 17.2;
				LOCALIZATION_PREFERS_STRING_CATALOGS = YES;
				MTL_ENABLE_DEBUG_INFO = NO;
				MTL_FAST_MATH = YES;
				SDKROOT = iphoneos;
				SWIFT_COMPILATION_MODE = wholemodule;
				VALIDATE_PRODUCT = YES;
			};
			name = Release;
		};
		C96970802B7AFDE000AC4675 /* Debug */ = {
			isa = XCBuildConfiguration;
			buildSettings = {
				ASSETCATALOG_COMPILER_APPICON_NAME = AppIcon;
				ASSETCATALOG_COMPILER_GLOBAL_ACCENT_COLOR_NAME = AccentColor;
				CODE_SIGN_STYLE = Automatic;
				CURRENT_PROJECT_VERSION = 1;
				DEVELOPMENT_TEAM = Q7RTLG93ZX;
				GENERATE_INFOPLIST_FILE = YES;
				INFOPLIST_FILE = "ios-training/Info.plist";
				INFOPLIST_KEY_UIApplicationSupportsIndirectInputEvents = YES;
				INFOPLIST_KEY_UILaunchStoryboardName = LaunchScreen;
				INFOPLIST_KEY_UISupportedInterfaceOrientations_iPad = "UIInterfaceOrientationPortrait UIInterfaceOrientationPortraitUpsideDown UIInterfaceOrientationLandscapeLeft UIInterfaceOrientationLandscapeRight";
				INFOPLIST_KEY_UISupportedInterfaceOrientations_iPhone = "UIInterfaceOrientationPortrait UIInterfaceOrientationLandscapeLeft UIInterfaceOrientationLandscapeRight";
				LD_RUNPATH_SEARCH_PATHS = (
					"$(inherited)",
					"@executable_path/Frameworks",
				);
				MARKETING_VERSION = 1.0;
				PRODUCT_BUNDLE_IDENTIFIER = "com.seigetsu.ios-training";
				PRODUCT_NAME = "$(TARGET_NAME)";
				SWIFT_EMIT_LOC_STRINGS = YES;
				SWIFT_VERSION = 5.0;
				TARGETED_DEVICE_FAMILY = "1,2";
			};
			name = Debug;
		};
		C96970812B7AFDE000AC4675 /* Release */ = {
			isa = XCBuildConfiguration;
			buildSettings = {
				ASSETCATALOG_COMPILER_APPICON_NAME = AppIcon;
				ASSETCATALOG_COMPILER_GLOBAL_ACCENT_COLOR_NAME = AccentColor;
				CODE_SIGN_STYLE = Automatic;
				CURRENT_PROJECT_VERSION = 1;
				DEVELOPMENT_TEAM = Q7RTLG93ZX;
				GENERATE_INFOPLIST_FILE = YES;
				INFOPLIST_FILE = "ios-training/Info.plist";
				INFOPLIST_KEY_UIApplicationSupportsIndirectInputEvents = YES;
				INFOPLIST_KEY_UILaunchStoryboardName = LaunchScreen;
				INFOPLIST_KEY_UISupportedInterfaceOrientations_iPad = "UIInterfaceOrientationPortrait UIInterfaceOrientationPortraitUpsideDown UIInterfaceOrientationLandscapeLeft UIInterfaceOrientationLandscapeRight";
				INFOPLIST_KEY_UISupportedInterfaceOrientations_iPhone = "UIInterfaceOrientationPortrait UIInterfaceOrientationLandscapeLeft UIInterfaceOrientationLandscapeRight";
				LD_RUNPATH_SEARCH_PATHS = (
					"$(inherited)",
					"@executable_path/Frameworks",
				);
				MARKETING_VERSION = 1.0;
				PRODUCT_BUNDLE_IDENTIFIER = "com.seigetsu.ios-training";
				PRODUCT_NAME = "$(TARGET_NAME)";
				SWIFT_EMIT_LOC_STRINGS = YES;
				SWIFT_VERSION = 5.0;
				TARGETED_DEVICE_FAMILY = "1,2";
			};
			name = Release;
		};
		C96970832B7AFDE000AC4675 /* Debug */ = {
			isa = XCBuildConfiguration;
			buildSettings = {
				ALWAYS_EMBED_SWIFT_STANDARD_LIBRARIES = YES;
				BUNDLE_LOADER = "$(TEST_HOST)";
				CODE_SIGN_STYLE = Automatic;
				CURRENT_PROJECT_VERSION = 1;
				DEVELOPMENT_TEAM = Q7RTLG93ZX;
				GENERATE_INFOPLIST_FILE = YES;
				IPHONEOS_DEPLOYMENT_TARGET = 17.2;
				MARKETING_VERSION = 1.0;
				PRODUCT_BUNDLE_IDENTIFIER = "com.seigetsu.ios-trainingTests";
				PRODUCT_NAME = "$(TARGET_NAME)";
				SWIFT_EMIT_LOC_STRINGS = NO;
				SWIFT_VERSION = 5.0;
				TARGETED_DEVICE_FAMILY = "1,2";
				TEST_HOST = "$(BUILT_PRODUCTS_DIR)/ios-training.app/$(BUNDLE_EXECUTABLE_FOLDER_PATH)/ios-training";
			};
			name = Debug;
		};
		C96970842B7AFDE000AC4675 /* Release */ = {
			isa = XCBuildConfiguration;
			buildSettings = {
				ALWAYS_EMBED_SWIFT_STANDARD_LIBRARIES = YES;
				BUNDLE_LOADER = "$(TEST_HOST)";
				CODE_SIGN_STYLE = Automatic;
				CURRENT_PROJECT_VERSION = 1;
				DEVELOPMENT_TEAM = Q7RTLG93ZX;
				GENERATE_INFOPLIST_FILE = YES;
				IPHONEOS_DEPLOYMENT_TARGET = 17.2;
				MARKETING_VERSION = 1.0;
				PRODUCT_BUNDLE_IDENTIFIER = "com.seigetsu.ios-trainingTests";
				PRODUCT_NAME = "$(TARGET_NAME)";
				SWIFT_EMIT_LOC_STRINGS = NO;
				SWIFT_VERSION = 5.0;
				TARGETED_DEVICE_FAMILY = "1,2";
				TEST_HOST = "$(BUILT_PRODUCTS_DIR)/ios-training.app/$(BUNDLE_EXECUTABLE_FOLDER_PATH)/ios-training";
			};
			name = Release;
		};
		C96970862B7AFDE000AC4675 /* Debug */ = {
			isa = XCBuildConfiguration;
			buildSettings = {
				ALWAYS_EMBED_SWIFT_STANDARD_LIBRARIES = YES;
				CODE_SIGN_STYLE = Automatic;
				CURRENT_PROJECT_VERSION = 1;
				DEVELOPMENT_TEAM = Q7RTLG93ZX;
				GENERATE_INFOPLIST_FILE = YES;
				MARKETING_VERSION = 1.0;
				PRODUCT_BUNDLE_IDENTIFIER = "com.seigetsu.ios-trainingUITests";
				PRODUCT_NAME = "$(TARGET_NAME)";
				SWIFT_EMIT_LOC_STRINGS = NO;
				SWIFT_VERSION = 5.0;
				TARGETED_DEVICE_FAMILY = "1,2";
				TEST_TARGET_NAME = "ios-training";
			};
			name = Debug;
		};
		C96970872B7AFDE000AC4675 /* Release */ = {
			isa = XCBuildConfiguration;
			buildSettings = {
				ALWAYS_EMBED_SWIFT_STANDARD_LIBRARIES = YES;
				CODE_SIGN_STYLE = Automatic;
				CURRENT_PROJECT_VERSION = 1;
				DEVELOPMENT_TEAM = Q7RTLG93ZX;
				GENERATE_INFOPLIST_FILE = YES;
				MARKETING_VERSION = 1.0;
				PRODUCT_BUNDLE_IDENTIFIER = "com.seigetsu.ios-trainingUITests";
				PRODUCT_NAME = "$(TARGET_NAME)";
				SWIFT_EMIT_LOC_STRINGS = NO;
				SWIFT_VERSION = 5.0;
				TARGETED_DEVICE_FAMILY = "1,2";
				TEST_TARGET_NAME = "ios-training";
			};
			name = Release;
		};
/* End XCBuildConfiguration section */

/* Begin XCConfigurationList section */
		C96970502B7AFDDF00AC4675 /* Build configuration list for PBXProject "ios-training" */ = {
			isa = XCConfigurationList;
			buildConfigurations = (
				C969707D2B7AFDE000AC4675 /* Debug */,
				C969707E2B7AFDE000AC4675 /* Release */,
			);
			defaultConfigurationIsVisible = 0;
			defaultConfigurationName = Release;
		};
		C969707F2B7AFDE000AC4675 /* Build configuration list for PBXNativeTarget "ios-training" */ = {
			isa = XCConfigurationList;
			buildConfigurations = (
				C96970802B7AFDE000AC4675 /* Debug */,
				C96970812B7AFDE000AC4675 /* Release */,
			);
			defaultConfigurationIsVisible = 0;
			defaultConfigurationName = Release;
		};
		C96970822B7AFDE000AC4675 /* Build configuration list for PBXNativeTarget "ios-trainingTests" */ = {
			isa = XCConfigurationList;
			buildConfigurations = (
				C96970832B7AFDE000AC4675 /* Debug */,
				C96970842B7AFDE000AC4675 /* Release */,
			);
			defaultConfigurationIsVisible = 0;
			defaultConfigurationName = Release;
		};
		C96970852B7AFDE000AC4675 /* Build configuration list for PBXNativeTarget "ios-trainingUITests" */ = {
			isa = XCConfigurationList;
			buildConfigurations = (
				C96970862B7AFDE000AC4675 /* Debug */,
				C96970872B7AFDE000AC4675 /* Release */,
			);
			defaultConfigurationIsVisible = 0;
			defaultConfigurationName = Release;
		};
/* End XCConfigurationList section */

/* Begin XCRemoteSwiftPackageReference section */
		C96970882B7AFE4400AC4675 /* XCRemoteSwiftPackageReference "ios-training" */ = {
			isa = XCRemoteSwiftPackageReference;
			repositoryURL = "https://github.com/yumemi-inc/ios-training.git";
			requirement = {
				branch = main;
				kind = branch;
			};
		};
		C969708B2B7B240600AC4675 /* XCRemoteSwiftPackageReference "SwiftLint" */ = {
			isa = XCRemoteSwiftPackageReference;
			repositoryURL = "https://github.com/realm/SwiftLint";
			requirement = {
				kind = upToNextMajorVersion;
				minimumVersion = 0.54.0;
			};
		};
/* End XCRemoteSwiftPackageReference section */

/* Begin XCSwiftPackageProductDependency section */
		C96970892B7AFE4400AC4675 /* YumemiWeather */ = {
			isa = XCSwiftPackageProductDependency;
			package = C96970882B7AFE4400AC4675 /* XCRemoteSwiftPackageReference "ios-training" */;
			productName = YumemiWeather;
		};
		C969708C2B7B247100AC4675 /* SwiftLintPlugin */ = {
			isa = XCSwiftPackageProductDependency;
			package = C969708B2B7B240600AC4675 /* XCRemoteSwiftPackageReference "SwiftLint" */;
			productName = "plugin:SwiftLintPlugin";
		};
/* End XCSwiftPackageProductDependency section */
	};
	rootObject = C969704D2B7AFDDF00AC4675 /* Project object */;
}
